// !$*UTF8*$!
{
	archiveVersion = 1;
	classes = {
	};
	objectVersion = 56;
	objects = {

/* Begin PBXBuildFile section */
		4946E70129AFB9F900B963D5 /* AppDelegate.swift in Sources */ = {isa = PBXBuildFile; fileRef = 4946E70029AFB9F900B963D5 /* AppDelegate.swift */; };
		4946E70329AFB9F900B963D5 /* GameScene.sks in Resources */ = {isa = PBXBuildFile; fileRef = 4946E70229AFB9F900B963D5 /* GameScene.sks */; };
		4946E70529AFB9F900B963D5 /* Actions.sks in Resources */ = {isa = PBXBuildFile; fileRef = 4946E70429AFB9F900B963D5 /* Actions.sks */; };
		4946E70729AFB9F900B963D5 /* GameScene.swift in Sources */ = {isa = PBXBuildFile; fileRef = 4946E70629AFB9F900B963D5 /* GameScene.swift */; };
		4946E70929AFB9F900B963D5 /* ViewController.swift in Sources */ = {isa = PBXBuildFile; fileRef = 4946E70829AFB9F900B963D5 /* ViewController.swift */; };
		4946E70B29AFB9FA00B963D5 /* Assets.xcassets in Resources */ = {isa = PBXBuildFile; fileRef = 4946E70A29AFB9FA00B963D5 /* Assets.xcassets */; };
		4946E70E29AFB9FA00B963D5 /* Main.storyboard in Resources */ = {isa = PBXBuildFile; fileRef = 4946E70C29AFB9FA00B963D5 /* Main.storyboard */; };
		4946E71929AFB9FA00B963D5 /* PockerGameTests.swift in Sources */ = {isa = PBXBuildFile; fileRef = 4946E71829AFB9FA00B963D5 /* PockerGameTests.swift */; };
		4946E72329AFB9FA00B963D5 /* PockerGameUITests.swift in Sources */ = {isa = PBXBuildFile; fileRef = 4946E72229AFB9FA00B963D5 /* PockerGameUITests.swift */; };
		4946E72529AFB9FA00B963D5 /* PockerGameUITestsLaunchTests.swift in Sources */ = {isa = PBXBuildFile; fileRef = 4946E72429AFB9FA00B963D5 /* PockerGameUITestsLaunchTests.swift */; };
		4985D92829B074AF0042DD12 /* PockerSocketClient.swift in Sources */ = {isa = PBXBuildFile; fileRef = 4985D92729B074AF0042DD12 /* PockerSocketClient.swift */; };
		4985D92B29B079770042DD12 /* NIO in Frameworks */ = {isa = PBXBuildFile; productRef = 4985D92A29B079770042DD12 /* NIO */; };
		4985D92E29B079890042DD12 /* PockerCommon in Frameworks */ = {isa = PBXBuildFile; productRef = 4985D92D29B079890042DD12 /* PockerCommon */; };
/* End PBXBuildFile section */

/* Begin PBXContainerItemProxy section */
		4946E71529AFB9FA00B963D5 /* PBXContainerItemProxy */ = {
			isa = PBXContainerItemProxy;
			containerPortal = 4946E6F529AFB9F900B963D5 /* Project object */;
			proxyType = 1;
			remoteGlobalIDString = 4946E6FC29AFB9F900B963D5;
			remoteInfo = PockerGame;
		};
		4946E71F29AFB9FA00B963D5 /* PBXContainerItemProxy */ = {
			isa = PBXContainerItemProxy;
			containerPortal = 4946E6F529AFB9F900B963D5 /* Project object */;
			proxyType = 1;
			remoteGlobalIDString = 4946E6FC29AFB9F900B963D5;
			remoteInfo = PockerGame;
		};
/* End PBXContainerItemProxy section */

/* Begin PBXFileReference section */
		4946E6FD29AFB9F900B963D5 /* PockerGame.app */ = {isa = PBXFileReference; explicitFileType = wrapper.application; includeInIndex = 0; path = PockerGame.app; sourceTree = BUILT_PRODUCTS_DIR; };
		4946E70029AFB9F900B963D5 /* AppDelegate.swift */ = {isa = PBXFileReference; lastKnownFileType = sourcecode.swift; path = AppDelegate.swift; sourceTree = "<group>"; };
		4946E70229AFB9F900B963D5 /* GameScene.sks */ = {isa = PBXFileReference; lastKnownFileType = file.sks; path = GameScene.sks; sourceTree = "<group>"; };
		4946E70429AFB9F900B963D5 /* Actions.sks */ = {isa = PBXFileReference; lastKnownFileType = file.sks; path = Actions.sks; sourceTree = "<group>"; };
		4946E70629AFB9F900B963D5 /* GameScene.swift */ = {isa = PBXFileReference; lastKnownFileType = sourcecode.swift; path = GameScene.swift; sourceTree = "<group>"; };
		4946E70829AFB9F900B963D5 /* ViewController.swift */ = {isa = PBXFileReference; lastKnownFileType = sourcecode.swift; path = ViewController.swift; sourceTree = "<group>"; };
		4946E70A29AFB9FA00B963D5 /* Assets.xcassets */ = {isa = PBXFileReference; lastKnownFileType = folder.assetcatalog; path = Assets.xcassets; sourceTree = "<group>"; };
		4946E70D29AFB9FA00B963D5 /* Base */ = {isa = PBXFileReference; lastKnownFileType = file.storyboard; name = Base; path = Base.lproj/Main.storyboard; sourceTree = "<group>"; };
		4946E70F29AFB9FA00B963D5 /* PockerGame.entitlements */ = {isa = PBXFileReference; lastKnownFileType = text.plist.entitlements; path = PockerGame.entitlements; sourceTree = "<group>"; };
		4946E71429AFB9FA00B963D5 /* PockerGameTests.xctest */ = {isa = PBXFileReference; explicitFileType = wrapper.cfbundle; includeInIndex = 0; path = PockerGameTests.xctest; sourceTree = BUILT_PRODUCTS_DIR; };
		4946E71829AFB9FA00B963D5 /* PockerGameTests.swift */ = {isa = PBXFileReference; lastKnownFileType = sourcecode.swift; path = PockerGameTests.swift; sourceTree = "<group>"; };
		4946E71E29AFB9FA00B963D5 /* PockerGameUITests.xctest */ = {isa = PBXFileReference; explicitFileType = wrapper.cfbundle; includeInIndex = 0; path = PockerGameUITests.xctest; sourceTree = BUILT_PRODUCTS_DIR; };
		4946E72229AFB9FA00B963D5 /* PockerGameUITests.swift */ = {isa = PBXFileReference; lastKnownFileType = sourcecode.swift; path = PockerGameUITests.swift; sourceTree = "<group>"; };
		4946E72429AFB9FA00B963D5 /* PockerGameUITestsLaunchTests.swift */ = {isa = PBXFileReference; lastKnownFileType = sourcecode.swift; path = PockerGameUITestsLaunchTests.swift; sourceTree = "<group>"; };
		4985D92729B074AF0042DD12 /* PockerSocketClient.swift */ = {isa = PBXFileReference; lastKnownFileType = sourcecode.swift; path = PockerSocketClient.swift; sourceTree = "<group>"; };
/* End PBXFileReference section */

/* Begin PBXFrameworksBuildPhase section */
		4946E6FA29AFB9F900B963D5 /* Frameworks */ = {
			isa = PBXFrameworksBuildPhase;
			buildActionMask = 2147483647;
			files = (
				4985D92B29B079770042DD12 /* NIO in Frameworks */,
				4985D92E29B079890042DD12 /* PockerCommon in Frameworks */,
			);
			runOnlyForDeploymentPostprocessing = 0;
		};
		4946E71129AFB9FA00B963D5 /* Frameworks */ = {
			isa = PBXFrameworksBuildPhase;
			buildActionMask = 2147483647;
			files = (
			);
			runOnlyForDeploymentPostprocessing = 0;
		};
		4946E71B29AFB9FA00B963D5 /* Frameworks */ = {
			isa = PBXFrameworksBuildPhase;
			buildActionMask = 2147483647;
			files = (
			);
			runOnlyForDeploymentPostprocessing = 0;
		};
/* End PBXFrameworksBuildPhase section */

/* Begin PBXGroup section */
		4946E6F429AFB9F900B963D5 = {
			isa = PBXGroup;
			children = (
				4946E6FF29AFB9F900B963D5 /* PockerGame */,
				4946E71729AFB9FA00B963D5 /* PockerGameTests */,
				4946E72129AFB9FA00B963D5 /* PockerGameUITests */,
				4946E6FE29AFB9F900B963D5 /* Products */,
				4985D92C29B079890042DD12 /* Frameworks */,
			);
			sourceTree = "<group>";
		};
		4946E6FE29AFB9F900B963D5 /* Products */ = {
			isa = PBXGroup;
			children = (
				4946E6FD29AFB9F900B963D5 /* PockerGame.app */,
				4946E71429AFB9FA00B963D5 /* PockerGameTests.xctest */,
				4946E71E29AFB9FA00B963D5 /* PockerGameUITests.xctest */,
			);
			name = Products;
			sourceTree = "<group>";
		};
		4946E6FF29AFB9F900B963D5 /* PockerGame */ = {
			isa = PBXGroup;
			children = (
				4985D92629B0749A0042DD12 /* NIO */,
				4946E70029AFB9F900B963D5 /* AppDelegate.swift */,
				4946E70229AFB9F900B963D5 /* GameScene.sks */,
				4946E70429AFB9F900B963D5 /* Actions.sks */,
				4946E70629AFB9F900B963D5 /* GameScene.swift */,
				4946E70829AFB9F900B963D5 /* ViewController.swift */,
				4946E70A29AFB9FA00B963D5 /* Assets.xcassets */,
				4946E70C29AFB9FA00B963D5 /* Main.storyboard */,
				4946E70F29AFB9FA00B963D5 /* PockerGame.entitlements */,
			);
			path = PockerGame;
			sourceTree = "<group>";
		};
		4946E71729AFB9FA00B963D5 /* PockerGameTests */ = {
			isa = PBXGroup;
			children = (
				4946E71829AFB9FA00B963D5 /* PockerGameTests.swift */,
			);
			path = PockerGameTests;
			sourceTree = "<group>";
		};
		4946E72129AFB9FA00B963D5 /* PockerGameUITests */ = {
			isa = PBXGroup;
			children = (
				4946E72229AFB9FA00B963D5 /* PockerGameUITests.swift */,
				4946E72429AFB9FA00B963D5 /* PockerGameUITestsLaunchTests.swift */,
			);
			path = PockerGameUITests;
			sourceTree = "<group>";
		};
		4985D92629B0749A0042DD12 /* NIO */ = {
			isa = PBXGroup;
			children = (
				4985D92729B074AF0042DD12 /* PockerSocketClient.swift */,
			);
			path = NIO;
			sourceTree = "<group>";
		};
		4985D92C29B079890042DD12 /* Frameworks */ = {
			isa = PBXGroup;
			children = (
			);
			name = Frameworks;
			sourceTree = "<group>";
		};
/* End PBXGroup section */

/* Begin PBXNativeTarget section */
		4946E6FC29AFB9F900B963D5 /* PockerGame */ = {
			isa = PBXNativeTarget;
			buildConfigurationList = 4946E72829AFB9FA00B963D5 /* Build configuration list for PBXNativeTarget "PockerGame" */;
			buildPhases = (
				4946E6F929AFB9F900B963D5 /* Sources */,
				4946E6FA29AFB9F900B963D5 /* Frameworks */,
				4946E6FB29AFB9F900B963D5 /* Resources */,
			);
			buildRules = (
			);
			dependencies = (
			);
			name = PockerGame;
			packageProductDependencies = (
				4985D92A29B079770042DD12 /* NIO */,
				4985D92D29B079890042DD12 /* PockerCommon */,
			);
			productName = PockerGame;
			productReference = 4946E6FD29AFB9F900B963D5 /* PockerGame.app */;
			productType = "com.apple.product-type.application";
		};
		4946E71329AFB9FA00B963D5 /* PockerGameTests */ = {
			isa = PBXNativeTarget;
			buildConfigurationList = 4946E72B29AFB9FA00B963D5 /* Build configuration list for PBXNativeTarget "PockerGameTests" */;
			buildPhases = (
				4946E71029AFB9FA00B963D5 /* Sources */,
				4946E71129AFB9FA00B963D5 /* Frameworks */,
				4946E71229AFB9FA00B963D5 /* Resources */,
			);
			buildRules = (
			);
			dependencies = (
				4946E71629AFB9FA00B963D5 /* PBXTargetDependency */,
			);
			name = PockerGameTests;
			productName = PockerGameTests;
			productReference = 4946E71429AFB9FA00B963D5 /* PockerGameTests.xctest */;
			productType = "com.apple.product-type.bundle.unit-test";
		};
		4946E71D29AFB9FA00B963D5 /* PockerGameUITests */ = {
			isa = PBXNativeTarget;
			buildConfigurationList = 4946E72E29AFB9FA00B963D5 /* Build configuration list for PBXNativeTarget "PockerGameUITests" */;
			buildPhases = (
				4946E71A29AFB9FA00B963D5 /* Sources */,
				4946E71B29AFB9FA00B963D5 /* Frameworks */,
				4946E71C29AFB9FA00B963D5 /* Resources */,
			);
			buildRules = (
			);
			dependencies = (
				4946E72029AFB9FA00B963D5 /* PBXTargetDependency */,
			);
			name = PockerGameUITests;
			productName = PockerGameUITests;
			productReference = 4946E71E29AFB9FA00B963D5 /* PockerGameUITests.xctest */;
			productType = "com.apple.product-type.bundle.ui-testing";
		};
/* End PBXNativeTarget section */

/* Begin PBXProject section */
		4946E6F529AFB9F900B963D5 /* Project object */ = {
			isa = PBXProject;
			attributes = {
				BuildIndependentTargetsInParallel = 1;
				LastSwiftUpdateCheck = 1400;
				LastUpgradeCheck = 1400;
				TargetAttributes = {
					4946E6FC29AFB9F900B963D5 = {
						CreatedOnToolsVersion = 14.0;
					};
					4946E71329AFB9FA00B963D5 = {
						CreatedOnToolsVersion = 14.0;
						TestTargetID = 4946E6FC29AFB9F900B963D5;
					};
					4946E71D29AFB9FA00B963D5 = {
						CreatedOnToolsVersion = 14.0;
						TestTargetID = 4946E6FC29AFB9F900B963D5;
					};
				};
			};
			buildConfigurationList = 4946E6F829AFB9F900B963D5 /* Build configuration list for PBXProject "PockerGame" */;
			compatibilityVersion = "Xcode 14.0";
			developmentRegion = en;
			hasScannedForEncodings = 0;
			knownRegions = (
				en,
				Base,
			);
			mainGroup = 4946E6F429AFB9F900B963D5;
			packageReferences = (
				4985D92929B079770042DD12 /* XCRemoteSwiftPackageReference "swift-nio" */,
			);
			productRefGroup = 4946E6FE29AFB9F900B963D5 /* Products */;
			projectDirPath = "";
			projectRoot = "";
			targets = (
				4946E6FC29AFB9F900B963D5 /* PockerGame */,
				4946E71329AFB9FA00B963D5 /* PockerGameTests */,
				4946E71D29AFB9FA00B963D5 /* PockerGameUITests */,
			);
		};
/* End PBXProject section */

/* Begin PBXResourcesBuildPhase section */
		4946E6FB29AFB9F900B963D5 /* Resources */ = {
			isa = PBXResourcesBuildPhase;
			buildActionMask = 2147483647;
			files = (
				4946E70329AFB9F900B963D5 /* GameScene.sks in Resources */,
				4946E70B29AFB9FA00B963D5 /* Assets.xcassets in Resources */,
				4946E70529AFB9F900B963D5 /* Actions.sks in Resources */,
				4946E70E29AFB9FA00B963D5 /* Main.storyboard in Resources */,
			);
			runOnlyForDeploymentPostprocessing = 0;
		};
		4946E71229AFB9FA00B963D5 /* Resources */ = {
			isa = PBXResourcesBuildPhase;
			buildActionMask = 2147483647;
			files = (
			);
			runOnlyForDeploymentPostprocessing = 0;
		};
		4946E71C29AFB9FA00B963D5 /* Resources */ = {
			isa = PBXResourcesBuildPhase;
			buildActionMask = 2147483647;
			files = (
			);
			runOnlyForDeploymentPostprocessing = 0;
		};
/* End PBXResourcesBuildPhase section */

/* Begin PBXSourcesBuildPhase section */
		4946E6F929AFB9F900B963D5 /* Sources */ = {
			isa = PBXSourcesBuildPhase;
			buildActionMask = 2147483647;
			files = (
				4946E70929AFB9F900B963D5 /* ViewController.swift in Sources */,
				4946E70729AFB9F900B963D5 /* GameScene.swift in Sources */,
				4946E70129AFB9F900B963D5 /* AppDelegate.swift in Sources */,
				4985D92829B074AF0042DD12 /* PockerSocketClient.swift in Sources */,
			);
			runOnlyForDeploymentPostprocessing = 0;
		};
		4946E71029AFB9FA00B963D5 /* Sources */ = {
			isa = PBXSourcesBuildPhase;
			buildActionMask = 2147483647;
			files = (
				4946E71929AFB9FA00B963D5 /* PockerGameTests.swift in Sources */,
			);
			runOnlyForDeploymentPostprocessing = 0;
		};
		4946E71A29AFB9FA00B963D5 /* Sources */ = {
			isa = PBXSourcesBuildPhase;
			buildActionMask = 2147483647;
			files = (
				4946E72529AFB9FA00B963D5 /* PockerGameUITestsLaunchTests.swift in Sources */,
				4946E72329AFB9FA00B963D5 /* PockerGameUITests.swift in Sources */,
			);
			runOnlyForDeploymentPostprocessing = 0;
		};
/* End PBXSourcesBuildPhase section */

/* Begin PBXTargetDependency section */
		4946E71629AFB9FA00B963D5 /* PBXTargetDependency */ = {
			isa = PBXTargetDependency;
			target = 4946E6FC29AFB9F900B963D5 /* PockerGame */;
			targetProxy = 4946E71529AFB9FA00B963D5 /* PBXContainerItemProxy */;
		};
		4946E72029AFB9FA00B963D5 /* PBXTargetDependency */ = {
			isa = PBXTargetDependency;
			target = 4946E6FC29AFB9F900B963D5 /* PockerGame */;
			targetProxy = 4946E71F29AFB9FA00B963D5 /* PBXContainerItemProxy */;
		};
/* End PBXTargetDependency section */

/* Begin PBXVariantGroup section */
		4946E70C29AFB9FA00B963D5 /* Main.storyboard */ = {
			isa = PBXVariantGroup;
			children = (
				4946E70D29AFB9FA00B963D5 /* Base */,
			);
			name = Main.storyboard;
			sourceTree = "<group>";
		};
/* End PBXVariantGroup section */

/* Begin XCBuildConfiguration section */
		4946E72629AFB9FA00B963D5 /* Debug */ = {
			isa = XCBuildConfiguration;
			buildSettings = {
				ALWAYS_SEARCH_USER_PATHS = NO;
				CLANG_ANALYZER_NONNULL = YES;
				CLANG_ANALYZER_NUMBER_OBJECT_CONVERSION = YES_AGGRESSIVE;
				CLANG_CXX_LANGUAGE_STANDARD = "gnu++17";
				CLANG_ENABLE_MODULES = YES;
				CLANG_ENABLE_OBJC_ARC = YES;
				CLANG_ENABLE_OBJC_WEAK = YES;
				CLANG_WARN_BLOCK_CAPTURE_AUTORELEASING = YES;
				CLANG_WARN_BOOL_CONVERSION = YES;
				CLANG_WARN_COMMA = YES;
				CLANG_WARN_CONSTANT_CONVERSION = YES;
				CLANG_WARN_DEPRECATED_OBJC_IMPLEMENTATIONS = YES;
				CLANG_WARN_DIRECT_OBJC_ISA_USAGE = YES_ERROR;
				CLANG_WARN_DOCUMENTATION_COMMENTS = YES;
				CLANG_WARN_EMPTY_BODY = YES;
				CLANG_WARN_ENUM_CONVERSION = YES;
				CLANG_WARN_INFINITE_RECURSION = YES;
				CLANG_WARN_INT_CONVERSION = YES;
				CLANG_WARN_NON_LITERAL_NULL_CONVERSION = YES;
				CLANG_WARN_OBJC_IMPLICIT_RETAIN_SELF = YES;
				CLANG_WARN_OBJC_LITERAL_CONVERSION = YES;
				CLANG_WARN_OBJC_ROOT_CLASS = YES_ERROR;
				CLANG_WARN_QUOTED_INCLUDE_IN_FRAMEWORK_HEADER = YES;
				CLANG_WARN_RANGE_LOOP_ANALYSIS = YES;
				CLANG_WARN_STRICT_PROTOTYPES = YES;
				CLANG_WARN_SUSPICIOUS_MOVE = YES;
				CLANG_WARN_UNGUARDED_AVAILABILITY = YES_AGGRESSIVE;
				CLANG_WARN_UNREACHABLE_CODE = YES;
				CLANG_WARN__DUPLICATE_METHOD_MATCH = YES;
				COPY_PHASE_STRIP = NO;
				DEBUG_INFORMATION_FORMAT = dwarf;
				ENABLE_STRICT_OBJC_MSGSEND = YES;
				ENABLE_TESTABILITY = YES;
				GCC_C_LANGUAGE_STANDARD = gnu11;
				GCC_DYNAMIC_NO_PIC = NO;
				GCC_NO_COMMON_BLOCKS = YES;
				GCC_OPTIMIZATION_LEVEL = 0;
				GCC_PREPROCESSOR_DEFINITIONS = (
					"DEBUG=1",
					"$(inherited)",
				);
				GCC_WARN_64_TO_32_BIT_CONVERSION = YES;
				GCC_WARN_ABOUT_RETURN_TYPE = YES_ERROR;
				GCC_WARN_UNDECLARED_SELECTOR = YES;
				GCC_WARN_UNINITIALIZED_AUTOS = YES_AGGRESSIVE;
				GCC_WARN_UNUSED_FUNCTION = YES;
				GCC_WARN_UNUSED_VARIABLE = YES;
				MACOSX_DEPLOYMENT_TARGET = 13.0;
				MTL_ENABLE_DEBUG_INFO = INCLUDE_SOURCE;
				MTL_FAST_MATH = YES;
				ONLY_ACTIVE_ARCH = YES;
				SDKROOT = macosx;
				SWIFT_ACTIVE_COMPILATION_CONDITIONS = DEBUG;
				SWIFT_OPTIMIZATION_LEVEL = "-Onone";
			};
			name = Debug;
		};
		4946E72729AFB9FA00B963D5 /* Release */ = {
			isa = XCBuildConfiguration;
			buildSettings = {
				ALWAYS_SEARCH_USER_PATHS = NO;
				CLANG_ANALYZER_NONNULL = YES;
				CLANG_ANALYZER_NUMBER_OBJECT_CONVERSION = YES_AGGRESSIVE;
				CLANG_CXX_LANGUAGE_STANDARD = "gnu++17";
				CLANG_ENABLE_MODULES = YES;
				CLANG_ENABLE_OBJC_ARC = YES;
				CLANG_ENABLE_OBJC_WEAK = YES;
				CLANG_WARN_BLOCK_CAPTURE_AUTORELEASING = YES;
				CLANG_WARN_BOOL_CONVERSION = YES;
				CLANG_WARN_COMMA = YES;
				CLANG_WARN_CONSTANT_CONVERSION = YES;
				CLANG_WARN_DEPRECATED_OBJC_IMPLEMENTATIONS = YES;
				CLANG_WARN_DIRECT_OBJC_ISA_USAGE = YES_ERROR;
				CLANG_WARN_DOCUMENTATION_COMMENTS = YES;
				CLANG_WARN_EMPTY_BODY = YES;
				CLANG_WARN_ENUM_CONVERSION = YES;
				CLANG_WARN_INFINITE_RECURSION = YES;
				CLANG_WARN_INT_CONVERSION = YES;
				CLANG_WARN_NON_LITERAL_NULL_CONVERSION = YES;
				CLANG_WARN_OBJC_IMPLICIT_RETAIN_SELF = YES;
				CLANG_WARN_OBJC_LITERAL_CONVERSION = YES;
				CLANG_WARN_OBJC_ROOT_CLASS = YES_ERROR;
				CLANG_WARN_QUOTED_INCLUDE_IN_FRAMEWORK_HEADER = YES;
				CLANG_WARN_RANGE_LOOP_ANALYSIS = YES;
				CLANG_WARN_STRICT_PROTOTYPES = YES;
				CLANG_WARN_SUSPICIOUS_MOVE = YES;
				CLANG_WARN_UNGUARDED_AVAILABILITY = YES_AGGRESSIVE;
				CLANG_WARN_UNREACHABLE_CODE = YES;
				CLANG_WARN__DUPLICATE_METHOD_MATCH = YES;
				COPY_PHASE_STRIP = NO;
				DEBUG_INFORMATION_FORMAT = "dwarf-with-dsym";
				ENABLE_NS_ASSERTIONS = NO;
				ENABLE_STRICT_OBJC_MSGSEND = YES;
				GCC_C_LANGUAGE_STANDARD = gnu11;
				GCC_NO_COMMON_BLOCKS = YES;
				GCC_WARN_64_TO_32_BIT_CONVERSION = YES;
				GCC_WARN_ABOUT_RETURN_TYPE = YES_ERROR;
				GCC_WARN_UNDECLARED_SELECTOR = YES;
				GCC_WARN_UNINITIALIZED_AUTOS = YES_AGGRESSIVE;
				GCC_WARN_UNUSED_FUNCTION = YES;
				GCC_WARN_UNUSED_VARIABLE = YES;
				MACOSX_DEPLOYMENT_TARGET = 13.0;
				MTL_ENABLE_DEBUG_INFO = NO;
				MTL_FAST_MATH = YES;
				SDKROOT = macosx;
				SWIFT_COMPILATION_MODE = wholemodule;
				SWIFT_OPTIMIZATION_LEVEL = "-O";
			};
			name = Release;
		};
		4946E72929AFB9FA00B963D5 /* Debug */ = {
			isa = XCBuildConfiguration;
			buildSettings = {
				ASSETCATALOG_COMPILER_APPICON_NAME = AppIcon;
				ASSETCATALOG_COMPILER_GLOBAL_ACCENT_COLOR_NAME = AccentColor;
				CODE_SIGN_ENTITLEMENTS = PockerGame/PockerGame.entitlements;
				CODE_SIGN_STYLE = Automatic;
				COMBINE_HIDPI_IMAGES = YES;
				CURRENT_PROJECT_VERSION = 1;
				DEVELOPMENT_TEAM = MYB5299FCX;
				ENABLE_HARDENED_RUNTIME = YES;
				GENERATE_INFOPLIST_FILE = YES;
				INFOPLIST_KEY_NSHumanReadableCopyright = "";
				INFOPLIST_KEY_NSMainStoryboardFile = Main;
				INFOPLIST_KEY_NSPrincipalClass = NSApplication;
				LD_RUNPATH_SEARCH_PATHS = (
					"$(inherited)",
					"@executable_path/../Frameworks",
				);
				MARKETING_VERSION = 1.0;
				PRODUCT_BUNDLE_IDENTIFIER = com.wttch.PockerGame;
				PRODUCT_NAME = "$(TARGET_NAME)";
				SWIFT_EMIT_LOC_STRINGS = YES;
				SWIFT_VERSION = 5.0;
			};
			name = Debug;
		};
		4946E72A29AFB9FA00B963D5 /* Release */ = {
			isa = XCBuildConfiguration;
			buildSettings = {
				ASSETCATALOG_COMPILER_APPICON_NAME = AppIcon;
				ASSETCATALOG_COMPILER_GLOBAL_ACCENT_COLOR_NAME = AccentColor;
				CODE_SIGN_ENTITLEMENTS = PockerGame/PockerGame.entitlements;
				CODE_SIGN_STYLE = Automatic;
				COMBINE_HIDPI_IMAGES = YES;
				CURRENT_PROJECT_VERSION = 1;
				DEVELOPMENT_TEAM = MYB5299FCX;
				ENABLE_HARDENED_RUNTIME = YES;
				GENERATE_INFOPLIST_FILE = YES;
				INFOPLIST_KEY_NSHumanReadableCopyright = "";
				INFOPLIST_KEY_NSMainStoryboardFile = Main;
				INFOPLIST_KEY_NSPrincipalClass = NSApplication;
				LD_RUNPATH_SEARCH_PATHS = (
					"$(inherited)",
					"@executable_path/../Frameworks",
				);
				MARKETING_VERSION = 1.0;
				PRODUCT_BUNDLE_IDENTIFIER = com.wttch.PockerGame;
				PRODUCT_NAME = "$(TARGET_NAME)";
				SWIFT_EMIT_LOC_STRINGS = YES;
				SWIFT_VERSION = 5.0;
			};
			name = Release;
		};
		4946E72C29AFB9FA00B963D5 /* Debug */ = {
			isa = XCBuildConfiguration;
			buildSettings = {
				ALWAYS_EMBED_SWIFT_STANDARD_LIBRARIES = YES;
				BUNDLE_LOADER = "$(TEST_HOST)";
				CODE_SIGN_STYLE = Automatic;
				CURRENT_PROJECT_VERSION = 1;
				DEVELOPMENT_TEAM = MYB5299FCX;
				GENERATE_INFOPLIST_FILE = YES;
				MACOSX_DEPLOYMENT_TARGET = 13.0;
				MARKETING_VERSION = 1.0;
				PRODUCT_BUNDLE_IDENTIFIER = com.wttch.PockerGameTests;
				PRODUCT_NAME = "$(TARGET_NAME)";
				SWIFT_EMIT_LOC_STRINGS = NO;
				SWIFT_VERSION = 5.0;
				TEST_HOST = "$(BUILT_PRODUCTS_DIR)/PockerGame.app/$(BUNDLE_EXECUTABLE_FOLDER_PATH)/PockerGame";
			};
			name = Debug;
		};
		4946E72D29AFB9FA00B963D5 /* Release */ = {
			isa = XCBuildConfiguration;
			buildSettings = {
				ALWAYS_EMBED_SWIFT_STANDARD_LIBRARIES = YES;
				BUNDLE_LOADER = "$(TEST_HOST)";
				CODE_SIGN_STYLE = Automatic;
				CURRENT_PROJECT_VERSION = 1;
				DEVELOPMENT_TEAM = MYB5299FCX;
				GENERATE_INFOPLIST_FILE = YES;
				MACOSX_DEPLOYMENT_TARGET = 13.0;
				MARKETING_VERSION = 1.0;
				PRODUCT_BUNDLE_IDENTIFIER = com.wttch.PockerGameTests;
				PRODUCT_NAME = "$(TARGET_NAME)";
				SWIFT_EMIT_LOC_STRINGS = NO;
				SWIFT_VERSION = 5.0;
				TEST_HOST = "$(BUILT_PRODUCTS_DIR)/PockerGame.app/$(BUNDLE_EXECUTABLE_FOLDER_PATH)/PockerGame";
			};
			name = Release;
		};
		4946E72F29AFB9FA00B963D5 /* Debug */ = {
			isa = XCBuildConfiguration;
			buildSettings = {
				ALWAYS_EMBED_SWIFT_STANDARD_LIBRARIES = YES;
				CODE_SIGN_STYLE = Automatic;
				CURRENT_PROJECT_VERSION = 1;
				DEVELOPMENT_TEAM = MYB5299FCX;
				GENERATE_INFOPLIST_FILE = YES;
				MARKETING_VERSION = 1.0;
				PRODUCT_BUNDLE_IDENTIFIER = com.wttch.PockerGameUITests;
				PRODUCT_NAME = "$(TARGET_NAME)";
				SWIFT_EMIT_LOC_STRINGS = NO;
				SWIFT_VERSION = 5.0;
				TEST_TARGET_NAME = PockerGame;
			};
			name = Debug;
		};
		4946E73029AFB9FA00B963D5 /* Release */ = {
			isa = XCBuildConfiguration;
			buildSettings = {
				ALWAYS_EMBED_SWIFT_STANDARD_LIBRARIES = YES;
				CODE_SIGN_STYLE = Automatic;
				CURRENT_PROJECT_VERSION = 1;
				DEVELOPMENT_TEAM = MYB5299FCX;
				GENERATE_INFOPLIST_FILE = YES;
				MARKETING_VERSION = 1.0;
				PRODUCT_BUNDLE_IDENTIFIER = com.wttch.PockerGameUITests;
				PRODUCT_NAME = "$(TARGET_NAME)";
				SWIFT_EMIT_LOC_STRINGS = NO;
				SWIFT_VERSION = 5.0;
				TEST_TARGET_NAME = PockerGame;
			};
			name = Release;
		};
/* End XCBuildConfiguration section */

/* Begin XCConfigurationList section */
		4946E6F829AFB9F900B963D5 /* Build configuration list for PBXProject "PockerGame" */ = {
			isa = XCConfigurationList;
			buildConfigurations = (
				4946E72629AFB9FA00B963D5 /* Debug */,
				4946E72729AFB9FA00B963D5 /* Release */,
			);
			defaultConfigurationIsVisible = 0;
			defaultConfigurationName = Release;
		};
		4946E72829AFB9FA00B963D5 /* Build configuration list for PBXNativeTarget "PockerGame" */ = {
			isa = XCConfigurationList;
			buildConfigurations = (
				4946E72929AFB9FA00B963D5 /* Debug */,
				4946E72A29AFB9FA00B963D5 /* Release */,
			);
			defaultConfigurationIsVisible = 0;
			defaultConfigurationName = Release;
		};
		4946E72B29AFB9FA00B963D5 /* Build configuration list for PBXNativeTarget "PockerGameTests" */ = {
			isa = XCConfigurationList;
			buildConfigurations = (
				4946E72C29AFB9FA00B963D5 /* Debug */,
				4946E72D29AFB9FA00B963D5 /* Release */,
			);
			defaultConfigurationIsVisible = 0;
			defaultConfigurationName = Release;
		};
		4946E72E29AFB9FA00B963D5 /* Build configuration list for PBXNativeTarget "PockerGameUITests" */ = {
			isa = XCConfigurationList;
			buildConfigurations = (
				4946E72F29AFB9FA00B963D5 /* Debug */,
				4946E73029AFB9FA00B963D5 /* Release */,
			);
			defaultConfigurationIsVisible = 0;
			defaultConfigurationName = Release;
		};
/* End XCConfigurationList section */

/* Begin XCRemoteSwiftPackageReference section */
		4985D92929B079770042DD12 /* XCRemoteSwiftPackageReference "swift-nio" */ = {
			isa = XCRemoteSwiftPackageReference;
			repositoryURL = "https://github.com/apple/swift-nio.git";
			requirement = {
				kind = upToNextMajorVersion;
				minimumVersion = 2.0.0;
			};
		};
/* End XCRemoteSwiftPackageReference section */

/* Begin XCSwiftPackageProductDependency section */
		4985D92A29B079770042DD12 /* NIO */ = {
			isa = XCSwiftPackageProductDependency;
			package = 4985D92929B079770042DD12 /* XCRemoteSwiftPackageReference "swift-nio" */;
			productName = NIO;
		};
		4985D92D29B079890042DD12 /* PockerCommon */ = {
			isa = XCSwiftPackageProductDependency;
			productName = PockerCommon;
		};
/* End XCSwiftPackageProductDependency section */
	};
	rootObject = 4946E6F529AFB9F900B963D5 /* Project object */;
}
